// !$*UTF8*$!
{
	archiveVersion = 1;
	classes = {
	};
	objectVersion = 56;
	objects = {

/* Begin PBXBuildFile section */
		87883B8A2965315200188968 /* AppDelegate.swift in Sources */ = {isa = PBXBuildFile; fileRef = 87883B892965315200188968 /* AppDelegate.swift */; };
		87883B8C2965315200188968 /* SceneDelegate.swift in Sources */ = {isa = PBXBuildFile; fileRef = 87883B8B2965315200188968 /* SceneDelegate.swift */; };
		87883B8E2965315200188968 /* MainViewController.swift in Sources */ = {isa = PBXBuildFile; fileRef = 87883B8D2965315200188968 /* MainViewController.swift */; };
		87883B912965315200188968 /* Main.storyboard in Resources */ = {isa = PBXBuildFile; fileRef = 87883B8F2965315200188968 /* Main.storyboard */; };
		87883B932965315300188968 /* Assets.xcassets in Resources */ = {isa = PBXBuildFile; fileRef = 87883B922965315300188968 /* Assets.xcassets */; };
		87883B962965315300188968 /* LaunchScreen.storyboard in Resources */ = {isa = PBXBuildFile; fileRef = 87883B942965315300188968 /* LaunchScreen.storyboard */; };
		87883BA12965315300188968 /* Survey_DemoTests.swift in Sources */ = {isa = PBXBuildFile; fileRef = 87883BA02965315300188968 /* Survey_DemoTests.swift */; };
		87883BAB2965315300188968 /* Survey_DemoUITests.swift in Sources */ = {isa = PBXBuildFile; fileRef = 87883BAA2965315300188968 /* Survey_DemoUITests.swift */; };
		87883BAD2965315300188968 /* Survey_DemoUITestsLaunchTests.swift in Sources */ = {isa = PBXBuildFile; fileRef = 87883BAC2965315300188968 /* Survey_DemoUITestsLaunchTests.swift */; };
		87883BBB2965326000188968 /* GoogleService-Info.plist in Resources */ = {isa = PBXBuildFile; fileRef = 87883BB92965325F00188968 /* GoogleService-Info.plist */; };
		87883BBC2965326000188968 /* sample_survey.json in Resources */ = {isa = PBXBuildFile; fileRef = 87883BBA2965326000188968 /* sample_survey.json */; };
		87883BBF296536B000188968 /* FirebaseAuth in Frameworks */ = {isa = PBXBuildFile; productRef = 87883BBE296536B000188968 /* FirebaseAuth */; };
		87883BC1296536B000188968 /* FirebaseDatabase in Frameworks */ = {isa = PBXBuildFile; productRef = 87883BC0296536B000188968 /* FirebaseDatabase */; };
		87883BC3296536B000188968 /* FirebaseDatabaseSwift-Beta in Frameworks */ = {isa = PBXBuildFile; productRef = 87883BC2296536B000188968 /* FirebaseDatabaseSwift-Beta */; };
		87883BC5296536B000188968 /* FirebaseFirestore in Frameworks */ = {isa = PBXBuildFile; productRef = 87883BC4296536B000188968 /* FirebaseFirestore */; };
		87883BC7296536B000188968 /* FirebaseFirestoreSwift-Beta in Frameworks */ = {isa = PBXBuildFile; productRef = 87883BC6296536B000188968 /* FirebaseFirestoreSwift-Beta */; };
		87883BC9296536B000188968 /* FirebaseRemoteConfig in Frameworks */ = {isa = PBXBuildFile; productRef = 87883BC8296536B000188968 /* FirebaseRemoteConfig */; };
		87883BCB296536B000188968 /* FirebaseStorage in Frameworks */ = {isa = PBXBuildFile; productRef = 87883BCA296536B000188968 /* FirebaseStorage */; };
		87883BCD296536B000188968 /* FirebaseStorageSwift-Beta in Frameworks */ = {isa = PBXBuildFile; productRef = 87883BCC296536B000188968 /* FirebaseStorageSwift-Beta */; };
		87883BD02965375B00188968 /* SurveyViewController.swift in Sources */ = {isa = PBXBuildFile; fileRef = 87883BCF2965375B00188968 /* SurveyViewController.swift */; };
		87883BD32965385000188968 /* SurveyView.swift in Sources */ = {isa = PBXBuildFile; fileRef = 87883BD22965385000188968 /* SurveyView.swift */; };
		87883BD529653A3C00188968 /* IntroView.swift in Sources */ = {isa = PBXBuildFile; fileRef = 87883BD429653A3C00188968 /* IntroView.swift */; };
		87883BD829653DF700188968 /* CustomButtonStyle.swift in Sources */ = {isa = PBXBuildFile; fileRef = 87883BD729653DF700188968 /* CustomButtonStyle.swift */; };
/* End PBXBuildFile section */

/* Begin PBXContainerItemProxy section */
		87883B9D2965315300188968 /* PBXContainerItemProxy */ = {
			isa = PBXContainerItemProxy;
			containerPortal = 87883B7E2965315200188968 /* Project object */;
			proxyType = 1;
			remoteGlobalIDString = 87883B852965315200188968;
			remoteInfo = "Survey Demo";
		};
		87883BA72965315300188968 /* PBXContainerItemProxy */ = {
			isa = PBXContainerItemProxy;
			containerPortal = 87883B7E2965315200188968 /* Project object */;
			proxyType = 1;
			remoteGlobalIDString = 87883B852965315200188968;
			remoteInfo = "Survey Demo";
		};
/* End PBXContainerItemProxy section */

/* Begin PBXFileReference section */
		87883B862965315200188968 /* Survey Demo.app */ = {isa = PBXFileReference; explicitFileType = wrapper.application; includeInIndex = 0; path = "Survey Demo.app"; sourceTree = BUILT_PRODUCTS_DIR; };
		87883B892965315200188968 /* AppDelegate.swift */ = {isa = PBXFileReference; lastKnownFileType = sourcecode.swift; path = AppDelegate.swift; sourceTree = "<group>"; };
		87883B8B2965315200188968 /* SceneDelegate.swift */ = {isa = PBXFileReference; lastKnownFileType = sourcecode.swift; path = SceneDelegate.swift; sourceTree = "<group>"; };
		87883B8D2965315200188968 /* MainViewController.swift */ = {isa = PBXFileReference; lastKnownFileType = sourcecode.swift; path = MainViewController.swift; sourceTree = "<group>"; };
		87883B902965315200188968 /* Base */ = {isa = PBXFileReference; lastKnownFileType = file.storyboard; name = Base; path = Base.lproj/Main.storyboard; sourceTree = "<group>"; };
		87883B922965315300188968 /* Assets.xcassets */ = {isa = PBXFileReference; lastKnownFileType = folder.assetcatalog; path = Assets.xcassets; sourceTree = "<group>"; };
		87883B952965315300188968 /* Base */ = {isa = PBXFileReference; lastKnownFileType = file.storyboard; name = Base; path = Base.lproj/LaunchScreen.storyboard; sourceTree = "<group>"; };
		87883B972965315300188968 /* Info.plist */ = {isa = PBXFileReference; lastKnownFileType = text.plist.xml; path = Info.plist; sourceTree = "<group>"; };
		87883B9C2965315300188968 /* Survey DemoTests.xctest */ = {isa = PBXFileReference; explicitFileType = wrapper.cfbundle; includeInIndex = 0; path = "Survey DemoTests.xctest"; sourceTree = BUILT_PRODUCTS_DIR; };
		87883BA02965315300188968 /* Survey_DemoTests.swift */ = {isa = PBXFileReference; lastKnownFileType = sourcecode.swift; path = Survey_DemoTests.swift; sourceTree = "<group>"; };
		87883BA62965315300188968 /* Survey DemoUITests.xctest */ = {isa = PBXFileReference; explicitFileType = wrapper.cfbundle; includeInIndex = 0; path = "Survey DemoUITests.xctest"; sourceTree = BUILT_PRODUCTS_DIR; };
		87883BAA2965315300188968 /* Survey_DemoUITests.swift */ = {isa = PBXFileReference; lastKnownFileType = sourcecode.swift; path = Survey_DemoUITests.swift; sourceTree = "<group>"; };
		87883BAC2965315300188968 /* Survey_DemoUITestsLaunchTests.swift */ = {isa = PBXFileReference; lastKnownFileType = sourcecode.swift; path = Survey_DemoUITestsLaunchTests.swift; sourceTree = "<group>"; };
		87883BB92965325F00188968 /* GoogleService-Info.plist */ = {isa = PBXFileReference; fileEncoding = 4; lastKnownFileType = text.plist.xml; path = "GoogleService-Info.plist"; sourceTree = "<group>"; };
		87883BBA2965326000188968 /* sample_survey.json */ = {isa = PBXFileReference; fileEncoding = 4; lastKnownFileType = text.json; path = sample_survey.json; sourceTree = "<group>"; };
		87883BCF2965375B00188968 /* SurveyViewController.swift */ = {isa = PBXFileReference; lastKnownFileType = sourcecode.swift; path = SurveyViewController.swift; sourceTree = "<group>"; };
		87883BD22965385000188968 /* SurveyView.swift */ = {isa = PBXFileReference; lastKnownFileType = sourcecode.swift; path = SurveyView.swift; sourceTree = "<group>"; };
		87883BD429653A3C00188968 /* IntroView.swift */ = {isa = PBXFileReference; lastKnownFileType = sourcecode.swift; path = IntroView.swift; sourceTree = "<group>"; };
		87883BD729653DF700188968 /* CustomButtonStyle.swift */ = {isa = PBXFileReference; lastKnownFileType = sourcecode.swift; path = CustomButtonStyle.swift; sourceTree = "<group>"; };
/* End PBXFileReference section */

/* Begin PBXFrameworksBuildPhase section */
		87883B832965315200188968 /* Frameworks */ = {
			isa = PBXFrameworksBuildPhase;
			buildActionMask = 2147483647;
			files = (
				87883BC3296536B000188968 /* FirebaseDatabaseSwift-Beta in Frameworks */,
				87883BC5296536B000188968 /* FirebaseFirestore in Frameworks */,
				87883BC7296536B000188968 /* FirebaseFirestoreSwift-Beta in Frameworks */,
				87883BC9296536B000188968 /* FirebaseRemoteConfig in Frameworks */,
				87883BCB296536B000188968 /* FirebaseStorage in Frameworks */,
				87883BCD296536B000188968 /* FirebaseStorageSwift-Beta in Frameworks */,
				87883BC1296536B000188968 /* FirebaseDatabase in Frameworks */,
				87883BBF296536B000188968 /* FirebaseAuth in Frameworks */,
			);
			runOnlyForDeploymentPostprocessing = 0;
		};
		87883B992965315300188968 /* Frameworks */ = {
			isa = PBXFrameworksBuildPhase;
			buildActionMask = 2147483647;
			files = (
			);
			runOnlyForDeploymentPostprocessing = 0;
		};
		87883BA32965315300188968 /* Frameworks */ = {
			isa = PBXFrameworksBuildPhase;
			buildActionMask = 2147483647;
			files = (
			);
			runOnlyForDeploymentPostprocessing = 0;
		};
/* End PBXFrameworksBuildPhase section */

/* Begin PBXGroup section */
		87883B7D2965315200188968 = {
			isa = PBXGroup;
			children = (
				87883B882965315200188968 /* Survey Demo */,
				87883B9F2965315300188968 /* Survey DemoTests */,
				87883BA92965315300188968 /* Survey DemoUITests */,
				87883B872965315200188968 /* Products */,
			);
			sourceTree = "<group>";
		};
		87883B872965315200188968 /* Products */ = {
			isa = PBXGroup;
			children = (
				87883B862965315200188968 /* Survey Demo.app */,
				87883B9C2965315300188968 /* Survey DemoTests.xctest */,
				87883BA62965315300188968 /* Survey DemoUITests.xctest */,
			);
			name = Products;
			sourceTree = "<group>";
		};
		87883B882965315200188968 /* Survey Demo */ = {
			isa = PBXGroup;
			children = (
				87883BD629653DE600188968 /* Custom */,
				87883BD12965383700188968 /* Survey */,
				87883BCE2965374100188968 /* ViewController */,
				87883B892965315200188968 /* AppDelegate.swift */,
				87883B8B2965315200188968 /* SceneDelegate.swift */,
				87883B8F2965315200188968 /* Main.storyboard */,
				87883B922965315300188968 /* Assets.xcassets */,
				87883B942965315300188968 /* LaunchScreen.storyboard */,
				87883BB92965325F00188968 /* GoogleService-Info.plist */,
				87883BBA2965326000188968 /* sample_survey.json */,
				87883B972965315300188968 /* Info.plist */,
			);
			path = "Survey Demo";
			sourceTree = "<group>";
		};
		87883B9F2965315300188968 /* Survey DemoTests */ = {
			isa = PBXGroup;
			children = (
				87883BA02965315300188968 /* Survey_DemoTests.swift */,
			);
			path = "Survey DemoTests";
			sourceTree = "<group>";
		};
		87883BA92965315300188968 /* Survey DemoUITests */ = {
			isa = PBXGroup;
			children = (
				87883BAA2965315300188968 /* Survey_DemoUITests.swift */,
				87883BAC2965315300188968 /* Survey_DemoUITestsLaunchTests.swift */,
			);
			path = "Survey DemoUITests";
			sourceTree = "<group>";
		};
		87883BCE2965374100188968 /* ViewController */ = {
			isa = PBXGroup;
			children = (
				87883B8D2965315200188968 /* MainViewController.swift */,
				87883BCF2965375B00188968 /* SurveyViewController.swift */,
			);
			path = ViewController;
			sourceTree = "<group>";
		};
		87883BD12965383700188968 /* Survey */ = {
			isa = PBXGroup;
			children = (
				87883BD22965385000188968 /* SurveyView.swift */,
				87883BD429653A3C00188968 /* IntroView.swift */,
			);
			path = Survey;
			sourceTree = "<group>";
		};
		87883BD629653DE600188968 /* Custom */ = {
			isa = PBXGroup;
			children = (
				87883BD729653DF700188968 /* CustomButtonStyle.swift */,
			);
			path = Custom;
			sourceTree = "<group>";
		};
/* End PBXGroup section */

/* Begin PBXNativeTarget section */
		87883B852965315200188968 /* Survey Demo */ = {
			isa = PBXNativeTarget;
			buildConfigurationList = 87883BB02965315300188968 /* Build configuration list for PBXNativeTarget "Survey Demo" */;
			buildPhases = (
				87883B822965315200188968 /* Sources */,
				87883B832965315200188968 /* Frameworks */,
				87883B842965315200188968 /* Resources */,
			);
			buildRules = (
			);
			dependencies = (
			);
			name = "Survey Demo";
			packageProductDependencies = (
				87883BBE296536B000188968 /* FirebaseAuth */,
				87883BC0296536B000188968 /* FirebaseDatabase */,
				87883BC2296536B000188968 /* FirebaseDatabaseSwift-Beta */,
				87883BC4296536B000188968 /* FirebaseFirestore */,
				87883BC6296536B000188968 /* FirebaseFirestoreSwift-Beta */,
				87883BC8296536B000188968 /* FirebaseRemoteConfig */,
				87883BCA296536B000188968 /* FirebaseStorage */,
				87883BCC296536B000188968 /* FirebaseStorageSwift-Beta */,
			);
			productName = "Survey Demo";
			productReference = 87883B862965315200188968 /* Survey Demo.app */;
			productType = "com.apple.product-type.application";
		};
		87883B9B2965315300188968 /* Survey DemoTests */ = {
			isa = PBXNativeTarget;
			buildConfigurationList = 87883BB32965315300188968 /* Build configuration list for PBXNativeTarget "Survey DemoTests" */;
			buildPhases = (
				87883B982965315300188968 /* Sources */,
				87883B992965315300188968 /* Frameworks */,
				87883B9A2965315300188968 /* Resources */,
			);
			buildRules = (
			);
			dependencies = (
				87883B9E2965315300188968 /* PBXTargetDependency */,
			);
			name = "Survey DemoTests";
			productName = "Survey DemoTests";
			productReference = 87883B9C2965315300188968 /* Survey DemoTests.xctest */;
			productType = "com.apple.product-type.bundle.unit-test";
		};
		87883BA52965315300188968 /* Survey DemoUITests */ = {
			isa = PBXNativeTarget;
			buildConfigurationList = 87883BB62965315300188968 /* Build configuration list for PBXNativeTarget "Survey DemoUITests" */;
			buildPhases = (
				87883BA22965315300188968 /* Sources */,
				87883BA32965315300188968 /* Frameworks */,
				87883BA42965315300188968 /* Resources */,
			);
			buildRules = (
			);
			dependencies = (
				87883BA82965315300188968 /* PBXTargetDependency */,
			);
			name = "Survey DemoUITests";
			productName = "Survey DemoUITests";
			productReference = 87883BA62965315300188968 /* Survey DemoUITests.xctest */;
			productType = "com.apple.product-type.bundle.ui-testing";
		};
/* End PBXNativeTarget section */

/* Begin PBXProject section */
		87883B7E2965315200188968 /* Project object */ = {
			isa = PBXProject;
			attributes = {
				BuildIndependentTargetsInParallel = 1;
				LastSwiftUpdateCheck = 1420;
				LastUpgradeCheck = 1420;
				TargetAttributes = {
					87883B852965315200188968 = {
						CreatedOnToolsVersion = 14.2;
					};
					87883B9B2965315300188968 = {
						CreatedOnToolsVersion = 14.2;
						TestTargetID = 87883B852965315200188968;
					};
					87883BA52965315300188968 = {
						CreatedOnToolsVersion = 14.2;
						TestTargetID = 87883B852965315200188968;
					};
				};
			};
			buildConfigurationList = 87883B812965315200188968 /* Build configuration list for PBXProject "Survey Demo" */;
			compatibilityVersion = "Xcode 14.0";
			developmentRegion = en;
			hasScannedForEncodings = 0;
			knownRegions = (
				en,
				Base,
			);
			mainGroup = 87883B7D2965315200188968;
			packageReferences = (
				87883BBD296536B000188968 /* XCRemoteSwiftPackageReference "firebase-ios-sdk" */,
			);
			productRefGroup = 87883B872965315200188968 /* Products */;
			projectDirPath = "";
			projectRoot = "";
			targets = (
				87883B852965315200188968 /* Survey Demo */,
				87883B9B2965315300188968 /* Survey DemoTests */,
				87883BA52965315300188968 /* Survey DemoUITests */,
			);
		};
/* End PBXProject section */

/* Begin PBXResourcesBuildPhase section */
		87883B842965315200188968 /* Resources */ = {
			isa = PBXResourcesBuildPhase;
			buildActionMask = 2147483647;
			files = (
				87883B962965315300188968 /* LaunchScreen.storyboard in Resources */,
				87883BBB2965326000188968 /* GoogleService-Info.plist in Resources */,
				87883BBC2965326000188968 /* sample_survey.json in Resources */,
				87883B932965315300188968 /* Assets.xcassets in Resources */,
				87883B912965315200188968 /* Main.storyboard in Resources */,
			);
			runOnlyForDeploymentPostprocessing = 0;
		};
		87883B9A2965315300188968 /* Resources */ = {
			isa = PBXResourcesBuildPhase;
			buildActionMask = 2147483647;
			files = (
			);
			runOnlyForDeploymentPostprocessing = 0;
		};
		87883BA42965315300188968 /* Resources */ = {
			isa = PBXResourcesBuildPhase;
			buildActionMask = 2147483647;
			files = (
			);
			runOnlyForDeploymentPostprocessing = 0;
		};
/* End PBXResourcesBuildPhase section */

/* Begin PBXSourcesBuildPhase section */
		87883B822965315200188968 /* Sources */ = {
			isa = PBXSourcesBuildPhase;
			buildActionMask = 2147483647;
			files = (
				87883B8E2965315200188968 /* MainViewController.swift in Sources */,
				87883B8A2965315200188968 /* AppDelegate.swift in Sources */,
				87883BD02965375B00188968 /* SurveyViewController.swift in Sources */,
				87883BD32965385000188968 /* SurveyView.swift in Sources */,
				87883B8C2965315200188968 /* SceneDelegate.swift in Sources */,
				87883BD829653DF700188968 /* CustomButtonStyle.swift in Sources */,
				87883BD529653A3C00188968 /* IntroView.swift in Sources */,
			);
			runOnlyForDeploymentPostprocessing = 0;
		};
		87883B982965315300188968 /* Sources */ = {
			isa = PBXSourcesBuildPhase;
			buildActionMask = 2147483647;
			files = (
				87883BA12965315300188968 /* Survey_DemoTests.swift in Sources */,
			);
			runOnlyForDeploymentPostprocessing = 0;
		};
		87883BA22965315300188968 /* Sources */ = {
			isa = PBXSourcesBuildPhase;
			buildActionMask = 2147483647;
			files = (
				87883BAB2965315300188968 /* Survey_DemoUITests.swift in Sources */,
				87883BAD2965315300188968 /* Survey_DemoUITestsLaunchTests.swift in Sources */,
			);
			runOnlyForDeploymentPostprocessing = 0;
		};
/* End PBXSourcesBuildPhase section */

/* Begin PBXTargetDependency section */
		87883B9E2965315300188968 /* PBXTargetDependency */ = {
			isa = PBXTargetDependency;
			target = 87883B852965315200188968 /* Survey Demo */;
			targetProxy = 87883B9D2965315300188968 /* PBXContainerItemProxy */;
		};
		87883BA82965315300188968 /* PBXTargetDependency */ = {
			isa = PBXTargetDependency;
			target = 87883B852965315200188968 /* Survey Demo */;
			targetProxy = 87883BA72965315300188968 /* PBXContainerItemProxy */;
		};
/* End PBXTargetDependency section */

/* Begin PBXVariantGroup section */
		87883B8F2965315200188968 /* Main.storyboard */ = {
			isa = PBXVariantGroup;
			children = (
				87883B902965315200188968 /* Base */,
			);
			name = Main.storyboard;
			sourceTree = "<group>";
		};
		87883B942965315300188968 /* LaunchScreen.storyboard */ = {
			isa = PBXVariantGroup;
			children = (
				87883B952965315300188968 /* Base */,
			);
			name = LaunchScreen.storyboard;
			sourceTree = "<group>";
		};
/* End PBXVariantGroup section */

/* Begin XCBuildConfiguration section */
		87883BAE2965315300188968 /* Debug */ = {
			isa = XCBuildConfiguration;
			buildSettings = {
				ALWAYS_SEARCH_USER_PATHS = NO;
				CLANG_ANALYZER_NONNULL = YES;
				CLANG_ANALYZER_NUMBER_OBJECT_CONVERSION = YES_AGGRESSIVE;
				CLANG_CXX_LANGUAGE_STANDARD = "gnu++20";
				CLANG_ENABLE_MODULES = YES;
				CLANG_ENABLE_OBJC_ARC = YES;
				CLANG_ENABLE_OBJC_WEAK = YES;
				CLANG_WARN_BLOCK_CAPTURE_AUTORELEASING = YES;
				CLANG_WARN_BOOL_CONVERSION = YES;
				CLANG_WARN_COMMA = YES;
				CLANG_WARN_CONSTANT_CONVERSION = YES;
				CLANG_WARN_DEPRECATED_OBJC_IMPLEMENTATIONS = YES;
				CLANG_WARN_DIRECT_OBJC_ISA_USAGE = YES_ERROR;
				CLANG_WARN_DOCUMENTATION_COMMENTS = YES;
				CLANG_WARN_EMPTY_BODY = YES;
				CLANG_WARN_ENUM_CONVERSION = YES;
				CLANG_WARN_INFINITE_RECURSION = YES;
				CLANG_WARN_INT_CONVERSION = YES;
				CLANG_WARN_NON_LITERAL_NULL_CONVERSION = YES;
				CLANG_WARN_OBJC_IMPLICIT_RETAIN_SELF = YES;
				CLANG_WARN_OBJC_LITERAL_CONVERSION = YES;
				CLANG_WARN_OBJC_ROOT_CLASS = YES_ERROR;
				CLANG_WARN_QUOTED_INCLUDE_IN_FRAMEWORK_HEADER = YES;
				CLANG_WARN_RANGE_LOOP_ANALYSIS = YES;
				CLANG_WARN_STRICT_PROTOTYPES = YES;
				CLANG_WARN_SUSPICIOUS_MOVE = YES;
				CLANG_WARN_UNGUARDED_AVAILABILITY = YES_AGGRESSIVE;
				CLANG_WARN_UNREACHABLE_CODE = YES;
				CLANG_WARN__DUPLICATE_METHOD_MATCH = YES;
				COPY_PHASE_STRIP = NO;
				DEBUG_INFORMATION_FORMAT = dwarf;
				ENABLE_STRICT_OBJC_MSGSEND = YES;
				ENABLE_TESTABILITY = YES;
				GCC_C_LANGUAGE_STANDARD = gnu11;
				GCC_DYNAMIC_NO_PIC = NO;
				GCC_NO_COMMON_BLOCKS = YES;
				GCC_OPTIMIZATION_LEVEL = 0;
				GCC_PREPROCESSOR_DEFINITIONS = (
					"DEBUG=1",
					"$(inherited)",
				);
				GCC_WARN_64_TO_32_BIT_CONVERSION = YES;
				GCC_WARN_ABOUT_RETURN_TYPE = YES_ERROR;
				GCC_WARN_UNDECLARED_SELECTOR = YES;
				GCC_WARN_UNINITIALIZED_AUTOS = YES_AGGRESSIVE;
				GCC_WARN_UNUSED_FUNCTION = YES;
				GCC_WARN_UNUSED_VARIABLE = YES;
				IPHONEOS_DEPLOYMENT_TARGET = 16.2;
				MTL_ENABLE_DEBUG_INFO = INCLUDE_SOURCE;
				MTL_FAST_MATH = YES;
				ONLY_ACTIVE_ARCH = YES;
				SDKROOT = iphoneos;
				SWIFT_ACTIVE_COMPILATION_CONDITIONS = DEBUG;
				SWIFT_OPTIMIZATION_LEVEL = "-Onone";
			};
			name = Debug;
		};
		87883BAF2965315300188968 /* Release */ = {
			isa = XCBuildConfiguration;
			buildSettings = {
				ALWAYS_SEARCH_USER_PATHS = NO;
				CLANG_ANALYZER_NONNULL = YES;
				CLANG_ANALYZER_NUMBER_OBJECT_CONVERSION = YES_AGGRESSIVE;
				CLANG_CXX_LANGUAGE_STANDARD = "gnu++20";
				CLANG_ENABLE_MODULES = YES;
				CLANG_ENABLE_OBJC_ARC = YES;
				CLANG_ENABLE_OBJC_WEAK = YES;
				CLANG_WARN_BLOCK_CAPTURE_AUTORELEASING = YES;
				CLANG_WARN_BOOL_CONVERSION = YES;
				CLANG_WARN_COMMA = YES;
				CLANG_WARN_CONSTANT_CONVERSION = YES;
				CLANG_WARN_DEPRECATED_OBJC_IMPLEMENTATIONS = YES;
				CLANG_WARN_DIRECT_OBJC_ISA_USAGE = YES_ERROR;
				CLANG_WARN_DOCUMENTATION_COMMENTS = YES;
				CLANG_WARN_EMPTY_BODY = YES;
				CLANG_WARN_ENUM_CONVERSION = YES;
				CLANG_WARN_INFINITE_RECURSION = YES;
				CLANG_WARN_INT_CONVERSION = YES;
				CLANG_WARN_NON_LITERAL_NULL_CONVERSION = YES;
				CLANG_WARN_OBJC_IMPLICIT_RETAIN_SELF = YES;
				CLANG_WARN_OBJC_LITERAL_CONVERSION = YES;
				CLANG_WARN_OBJC_ROOT_CLASS = YES_ERROR;
				CLANG_WARN_QUOTED_INCLUDE_IN_FRAMEWORK_HEADER = YES;
				CLANG_WARN_RANGE_LOOP_ANALYSIS = YES;
				CLANG_WARN_STRICT_PROTOTYPES = YES;
				CLANG_WARN_SUSPICIOUS_MOVE = YES;
				CLANG_WARN_UNGUARDED_AVAILABILITY = YES_AGGRESSIVE;
				CLANG_WARN_UNREACHABLE_CODE = YES;
				CLANG_WARN__DUPLICATE_METHOD_MATCH = YES;
				COPY_PHASE_STRIP = NO;
				DEBUG_INFORMATION_FORMAT = "dwarf-with-dsym";
				ENABLE_NS_ASSERTIONS = NO;
				ENABLE_STRICT_OBJC_MSGSEND = YES;
				GCC_C_LANGUAGE_STANDARD = gnu11;
				GCC_NO_COMMON_BLOCKS = YES;
				GCC_WARN_64_TO_32_BIT_CONVERSION = YES;
				GCC_WARN_ABOUT_RETURN_TYPE = YES_ERROR;
				GCC_WARN_UNDECLARED_SELECTOR = YES;
				GCC_WARN_UNINITIALIZED_AUTOS = YES_AGGRESSIVE;
				GCC_WARN_UNUSED_FUNCTION = YES;
				GCC_WARN_UNUSED_VARIABLE = YES;
				IPHONEOS_DEPLOYMENT_TARGET = 16.2;
				MTL_ENABLE_DEBUG_INFO = NO;
				MTL_FAST_MATH = YES;
				SDKROOT = iphoneos;
				SWIFT_COMPILATION_MODE = wholemodule;
				SWIFT_OPTIMIZATION_LEVEL = "-O";
				VALIDATE_PRODUCT = YES;
			};
			name = Release;
		};
		87883BB12965315300188968 /* Debug */ = {
			isa = XCBuildConfiguration;
			buildSettings = {
				ASSETCATALOG_COMPILER_APPICON_NAME = AppIcon;
				ASSETCATALOG_COMPILER_GLOBAL_ACCENT_COLOR_NAME = AccentColor;
				CODE_SIGN_STYLE = Automatic;
				CURRENT_PROJECT_VERSION = 1;
				GENERATE_INFOPLIST_FILE = YES;
				INFOPLIST_FILE = "Survey Demo/Info.plist";
				INFOPLIST_KEY_UIApplicationSupportsIndirectInputEvents = YES;
				INFOPLIST_KEY_UILaunchStoryboardName = LaunchScreen;
				INFOPLIST_KEY_UIMainStoryboardFile = Main;
				INFOPLIST_KEY_UISupportedInterfaceOrientations_iPad = "UIInterfaceOrientationPortrait UIInterfaceOrientationPortraitUpsideDown UIInterfaceOrientationLandscapeLeft UIInterfaceOrientationLandscapeRight";
				INFOPLIST_KEY_UISupportedInterfaceOrientations_iPhone = "UIInterfaceOrientationPortrait UIInterfaceOrientationLandscapeLeft UIInterfaceOrientationLandscapeRight";
				IPHONEOS_DEPLOYMENT_TARGET = 14.0;
				LD_RUNPATH_SEARCH_PATHS = (
					"$(inherited)",
					"@executable_path/Frameworks",
				);
				MARKETING_VERSION = 1.0;
				PRODUCT_BUNDLE_IDENTIFIER = "com.binhpct.swiftui-demo.Survey-Demo";
				PRODUCT_NAME = "$(TARGET_NAME)";
				SWIFT_EMIT_LOC_STRINGS = YES;
				SWIFT_VERSION = 5.0;
				TARGETED_DEVICE_FAMILY = "1,2";
			};
			name = Debug;
		};
		87883BB22965315300188968 /* Release */ = {
			isa = XCBuildConfiguration;
			buildSettings = {
				ASSETCATALOG_COMPILER_APPICON_NAME = AppIcon;
				ASSETCATALOG_COMPILER_GLOBAL_ACCENT_COLOR_NAME = AccentColor;
				CODE_SIGN_STYLE = Automatic;
				CURRENT_PROJECT_VERSION = 1;
				GENERATE_INFOPLIST_FILE = YES;
				INFOPLIST_FILE = "Survey Demo/Info.plist";
				INFOPLIST_KEY_UIApplicationSupportsIndirectInputEvents = YES;
				INFOPLIST_KEY_UILaunchStoryboardName = LaunchScreen;
				INFOPLIST_KEY_UIMainStoryboardFile = Main;
				INFOPLIST_KEY_UISupportedInterfaceOrientations_iPad = "UIInterfaceOrientationPortrait UIInterfaceOrientationPortraitUpsideDown UIInterfaceOrientationLandscapeLeft UIInterfaceOrientationLandscapeRight";
				INFOPLIST_KEY_UISupportedInterfaceOrientations_iPhone = "UIInterfaceOrientationPortrait UIInterfaceOrientationLandscapeLeft UIInterfaceOrientationLandscapeRight";
				IPHONEOS_DEPLOYMENT_TARGET = 14.0;
				LD_RUNPATH_SEARCH_PATHS = (
					"$(inherited)",
					"@executable_path/Frameworks",
				);
				MARKETING_VERSION = 1.0;
				PRODUCT_BUNDLE_IDENTIFIER = "com.binhpct.swiftui-demo.Survey-Demo";
				PRODUCT_NAME = "$(TARGET_NAME)";
				SWIFT_EMIT_LOC_STRINGS = YES;
				SWIFT_VERSION = 5.0;
				TARGETED_DEVICE_FAMILY = "1,2";
			};
			name = Release;
		};
		87883BB42965315300188968 /* Debug */ = {
			isa = XCBuildConfiguration;
			buildSettings = {
				ALWAYS_EMBED_SWIFT_STANDARD_LIBRARIES = YES;
				BUNDLE_LOADER = "$(TEST_HOST)";
				CODE_SIGN_STYLE = Automatic;
				CURRENT_PROJECT_VERSION = 1;
				GENERATE_INFOPLIST_FILE = YES;
				IPHONEOS_DEPLOYMENT_TARGET = 16.2;
				MARKETING_VERSION = 1.0;
				PRODUCT_BUNDLE_IDENTIFIER = "com.binhpct.swiftui-demo.Survey-DemoTests";
				PRODUCT_NAME = "$(TARGET_NAME)";
				SWIFT_EMIT_LOC_STRINGS = NO;
				SWIFT_VERSION = 5.0;
				TARGETED_DEVICE_FAMILY = "1,2";
				TEST_HOST = "$(BUILT_PRODUCTS_DIR)/Survey Demo.app/$(BUNDLE_EXECUTABLE_FOLDER_PATH)/Survey Demo";
			};
			name = Debug;
		};
		87883BB52965315300188968 /* Release */ = {
			isa = XCBuildConfiguration;
			buildSettings = {
				ALWAYS_EMBED_SWIFT_STANDARD_LIBRARIES = YES;
				BUNDLE_LOADER = "$(TEST_HOST)";
				CODE_SIGN_STYLE = Automatic;
				CURRENT_PROJECT_VERSION = 1;
				GENERATE_INFOPLIST_FILE = YES;
				IPHONEOS_DEPLOYMENT_TARGET = 16.2;
				MARKETING_VERSION = 1.0;
				PRODUCT_BUNDLE_IDENTIFIER = "com.binhpct.swiftui-demo.Survey-DemoTests";
				PRODUCT_NAME = "$(TARGET_NAME)";
				SWIFT_EMIT_LOC_STRINGS = NO;
				SWIFT_VERSION = 5.0;
				TARGETED_DEVICE_FAMILY = "1,2";
				TEST_HOST = "$(BUILT_PRODUCTS_DIR)/Survey Demo.app/$(BUNDLE_EXECUTABLE_FOLDER_PATH)/Survey Demo";
			};
			name = Release;
		};
		87883BB72965315300188968 /* Debug */ = {
			isa = XCBuildConfiguration;
			buildSettings = {
				ALWAYS_EMBED_SWIFT_STANDARD_LIBRARIES = YES;
				CODE_SIGN_STYLE = Automatic;
				CURRENT_PROJECT_VERSION = 1;
				GENERATE_INFOPLIST_FILE = YES;
				MARKETING_VERSION = 1.0;
				PRODUCT_BUNDLE_IDENTIFIER = "com.binhpct.swiftui-demo.Survey-DemoUITests";
				PRODUCT_NAME = "$(TARGET_NAME)";
				SWIFT_EMIT_LOC_STRINGS = NO;
				SWIFT_VERSION = 5.0;
				TARGETED_DEVICE_FAMILY = "1,2";
				TEST_TARGET_NAME = "Survey Demo";
			};
			name = Debug;
		};
		87883BB82965315300188968 /* Release */ = {
			isa = XCBuildConfiguration;
			buildSettings = {
				ALWAYS_EMBED_SWIFT_STANDARD_LIBRARIES = YES;
				CODE_SIGN_STYLE = Automatic;
				CURRENT_PROJECT_VERSION = 1;
				GENERATE_INFOPLIST_FILE = YES;
				MARKETING_VERSION = 1.0;
				PRODUCT_BUNDLE_IDENTIFIER = "com.binhpct.swiftui-demo.Survey-DemoUITests";
				PRODUCT_NAME = "$(TARGET_NAME)";
				SWIFT_EMIT_LOC_STRINGS = NO;
				SWIFT_VERSION = 5.0;
				TARGETED_DEVICE_FAMILY = "1,2";
				TEST_TARGET_NAME = "Survey Demo";
			};
			name = Release;
		};
/* End XCBuildConfiguration section */

/* Begin XCConfigurationList section */
		87883B812965315200188968 /* Build configuration list for PBXProject "Survey Demo" */ = {
			isa = XCConfigurationList;
			buildConfigurations = (
				87883BAE2965315300188968 /* Debug */,
				87883BAF2965315300188968 /* Release */,
			);
			defaultConfigurationIsVisible = 0;
			defaultConfigurationName = Release;
		};
		87883BB02965315300188968 /* Build configuration list for PBXNativeTarget "Survey Demo" */ = {
			isa = XCConfigurationList;
			buildConfigurations = (
				87883BB12965315300188968 /* Debug */,
				87883BB22965315300188968 /* Release */,
			);
			defaultConfigurationIsVisible = 0;
			defaultConfigurationName = Release;
		};
		87883BB32965315300188968 /* Build configuration list for PBXNativeTarget "Survey DemoTests" */ = {
			isa = XCConfigurationList;
			buildConfigurations = (
				87883BB42965315300188968 /* Debug */,
				87883BB52965315300188968 /* Release */,
			);
			defaultConfigurationIsVisible = 0;
			defaultConfigurationName = Release;
		};
		87883BB62965315300188968 /* Build configuration list for PBXNativeTarget "Survey DemoUITests" */ = {
			isa = XCConfigurationList;
			buildConfigurations = (
				87883BB72965315300188968 /* Debug */,
				87883BB82965315300188968 /* Release */,
			);
			defaultConfigurationIsVisible = 0;
			defaultConfigurationName = Release;
		};
/* End XCConfigurationList section */

/* Begin XCRemoteSwiftPackageReference section */
		87883BBD296536B000188968 /* XCRemoteSwiftPackageReference "firebase-ios-sdk" */ = {
			isa = XCRemoteSwiftPackageReference;
			repositoryURL = "https://github.com/firebase/firebase-ios-sdk.git";
			requirement = {
				kind = exactVersion;
				version = 8.7.0;
			};
		};
/* End XCRemoteSwiftPackageReference section */

/* Begin XCSwiftPackageProductDependency section */
		87883BBE296536B000188968 /* FirebaseAuth */ = {
			isa = XCSwiftPackageProductDependency;
			package = 87883BBD296536B000188968 /* XCRemoteSwiftPackageReference "firebase-ios-sdk" */;
			productName = FirebaseAuth;
		};
		87883BC0296536B000188968 /* FirebaseDatabase */ = {
			isa = XCSwiftPackageProductDependency;
			package = 87883BBD296536B000188968 /* XCRemoteSwiftPackageReference "firebase-ios-sdk" */;
			productName = FirebaseDatabase;
		};
		87883BC2296536B000188968 /* FirebaseDatabaseSwift-Beta */ = {
			isa = XCSwiftPackageProductDependency;
			package = 87883BBD296536B000188968 /* XCRemoteSwiftPackageReference "firebase-ios-sdk" */;
			productName = "FirebaseDatabaseSwift-Beta";
		};
		87883BC4296536B000188968 /* FirebaseFirestore */ = {
			isa = XCSwiftPackageProductDependency;
			package = 87883BBD296536B000188968 /* XCRemoteSwiftPackageReference "firebase-ios-sdk" */;
			productName = FirebaseFirestore;
		};
		87883BC6296536B000188968 /* FirebaseFirestoreSwift-Beta */ = {
			isa = XCSwiftPackageProductDependency;
			package = 87883BBD296536B000188968 /* XCRemoteSwiftPackageReference "firebase-ios-sdk" */;
			productName = "FirebaseFirestoreSwift-Beta";
		};
		87883BC8296536B000188968 /* FirebaseRemoteConfig */ = {
			isa = XCSwiftPackageProductDependency;
			package = 87883BBD296536B000188968 /* XCRemoteSwiftPackageReference "firebase-ios-sdk" */;
			productName = FirebaseRemoteConfig;
		};
		87883BCA296536B000188968 /* FirebaseStorage */ = {
			isa = XCSwiftPackageProductDependency;
			package = 87883BBD296536B000188968 /* XCRemoteSwiftPackageReference "firebase-ios-sdk" */;
			productName = FirebaseStorage;
		};
		87883BCC296536B000188968 /* FirebaseStorageSwift-Beta */ = {
			isa = XCSwiftPackageProductDependency;
			package = 87883BBD296536B000188968 /* XCRemoteSwiftPackageReference "firebase-ios-sdk" */;
			productName = "FirebaseStorageSwift-Beta";
		};
/* End XCSwiftPackageProductDependency section */
	};
	rootObject = 87883B7E2965315200188968 /* Project object */;
}
